{
    "_readme": [
        "This file locks the dependencies of your project to a known state",
        "Read more about it at https://getcomposer.org/doc/01-basic-usage.md#composer-lock-the-lock-file",
        "This file is @generated automatically"
    ],
    "hash": "a91cb0b63118f593fe2a0e250655d9f4",
    "content-hash": "c8eb30cce6dced6691ba968f78b8b5de",
    "packages": [
        {
            "name": "artisaninweb/laravel-soap",
            "version": "0.3.0.6",
            "source": {
                "type": "git",
                "url": "https://github.com/artisaninweb/laravel-soap.git",
                "reference": "568729701b1e18c876e0ce8a2b3ba5cde4d1145e"
            },
            "dist": {
                "type": "zip",
                "url": "https://api.github.com/repos/artisaninweb/laravel-soap/zipball/568729701b1e18c876e0ce8a2b3ba5cde4d1145e",
                "reference": "568729701b1e18c876e0ce8a2b3ba5cde4d1145e",
                "shasum": ""
            },
            "require": {
                "ext-soap": "*",
                "php": ">=5.4.0"
            },
            "type": "library",
            "autoload": {
                "psr-0": {
                    "Artisaninweb\\SoapWrapper": "src/"
                }
            },
            "notification-url": "https://packagist.org/downloads/",
            "license": [
                "MIT"
            ],
            "authors": [
                {
                    "name": "Michael van de Rijt",
                    "email": "me@mvdrijt.com"
                }
            ],
            "description": "A SoapClient wrapper integration for Laravel",
            "keywords": [
                "client",
                "laravel",
                "soap",
                "wrapper"
            ],
            "time": "2017-03-14 10:47:30"
        }
    ],
    "packages-dev": [],
    "aliases": [],
    "minimum-stability": "stable",
    "stability-flags": [],
    "prefer-stable": false,
    "prefer-lowest": false,
    "platform": [],
    "platform-dev": []
}
